{
  "name": "storage-drivers",
  "version": "1.0.0",
  "lockfileVersion": 2,
  "requires": true,
  "packages": {
    "": {
      "name": "storage-drivers",
      "version": "1.0.0",
      "license": "ISC",
      "dependencies": {
        "mkdirp": "github:waspyro/node-mkdirp"
      }
    },
    "node_modules/mkdirp": {
      "version": "1.0.1",
      "resolved": "git+ssh://git@github.com/waspyro/node-mkdirp.git#e0f242bb08ee27b9f72186ae10b98c2fecd30966",
      "license": "ISC"
    }
  },
  "dependencies": {
    "mkdirp": {
      "version": "git+ssh://git@github.com/waspyro/node-mkdirp.git#e0f242bb08ee27b9f72186ae10b98c2fecd30966",
      "from": "mkdirp@github:waspyro/node-mkdirp"
    }
  }
}
